
Microsoft Visual Studio Solution File, Format Version 12.00
# Visual Studio Version 17
VisualStudioVersion = 17.11.35327.3
MinimumVisualStudioVersion = 10.0.40219.1
Project("{FAE04EC0-301F-11D3-BF4B-00C04F79EFBC}") = "loops", "loops.csproj", "{CE7B9AFD-0200-4AA7-BB72-BCB03678A130}"
EndProject
Global
	GlobalSection(SolutionConfigurationPlatforms) = preSolution
		Debug|Any CPU = Debug|Any CPU
		Release|Any CPU = Release|Any CPU
	EndGlobalSection
	GlobalSection(ProjectConfigurationPlatforms) = postSolution
		{CE7B9AFD-0200-4AA7-BB72-BCB03678A130}.Debug|Any CPU.ActiveCfg = Debug|Any CPU
		{CE7B9AFD-0200-4AA7-BB72-BCB03678A130}.Debug|Any CPU.Build.0 = Debug|Any CPU
		{CE7B9AFD-0200-4AA7-BB72-BCB03678A130}.Release|Any CPU.ActiveCfg = Release|Any CPU
		{CE7B9AFD-0200-4AA7-BB72-BCB03678A130}.Release|Any CPU.Build.0 = Release|Any CPU
	EndGlobalSection
	GlobalSection(SolutionProperties) = preSolution
		HideSolutionNode = FALSE
	EndGlobalSection
	GlobalSection(ExtensibilityGlobals) = postSolution
		SolutionGuid = {712F348E-64F7-4E6C-A5C0-6B9BFE8F00EA}
	EndGlobalSection
EndGlobal
