
Microsoft Visual Studio Solution File, Format Version 12.00
# Visual Studio Version 17
VisualStudioVersion = 17.11.35327.3
MinimumVisualStudioVersion = 10.0.40219.1
Project("{FAE04EC0-301F-11D3-BF4B-00C04F79EFBC}") = "area", "area.csproj", "{66687649-9029-4234-8631-294704630D46}"
EndProject
Global
	GlobalSection(SolutionConfigurationPlatforms) = preSolution
		Debug|Any CPU = Debug|Any CPU
		Release|Any CPU = Release|Any CPU
	EndGlobalSection
	GlobalSection(ProjectConfigurationPlatforms) = postSolution
		{66687649-9029-4234-8631-294704630D46}.Debug|Any CPU.ActiveCfg = Debug|Any CPU
		{66687649-9029-4234-8631-294704630D46}.Debug|Any CPU.Build.0 = Debug|Any CPU
		{66687649-9029-4234-8631-294704630D46}.Release|Any CPU.ActiveCfg = Release|Any CPU
		{66687649-9029-4234-8631-294704630D46}.Release|Any CPU.Build.0 = Release|Any CPU
	EndGlobalSection
	GlobalSection(SolutionProperties) = preSolution
		HideSolutionNode = FALSE
	EndGlobalSection
	GlobalSection(ExtensibilityGlobals) = postSolution
		SolutionGuid = {89C26907-BB9E-4081-92E0-91D511C257A6}
	EndGlobalSection
EndGlobal
